{
  "version": 2,
  "dependencies": {
    "net10.0": {
      "NBitcoin": {
        "type": "Direct",
        "requested": "[10.0.1, )",
        "resolved": "10.0.1",
        "contentHash": "gvIzTNMQnPNoJ6b8yWbHBy5aYsQzG3T9azrL+Bm+w9u4gYYRZ51LJPyQVzuTh1mg/H4ZquivmBWb5bkLaVJFNA==",
        "dependencies": {
          "Microsoft.Extensions.Logging.Abstractions": "1.0.0",
          "Newtonsoft.Json": "13.0.1"
        }
      },
      "NBitcoin.Secp256k1": {
        "type": "Direct",
        "requested": "[4.0.0, )",
        "resolved": "4.0.0",
        "contentHash": "VTw04h/JQKzReqAvLQHsGyGTwzaTR3NUmw6cA37mp6M0q1r9K3uUHCsO7uz1nq95BOD4vv4Ebp4TwHPf4l1NUA=="
      },
      "Microsoft.Extensions.Logging.Abstractions": {
        "type": "Transitive",
        "resolved": "1.0.0",
        "contentHash": "wHT6oY50q36mAXBRKtFaB7u07WxKC5u2M8fi3PqHOOnHyUo9gD0u1TlCNR8UObHQxKMYwqlgI8TLcErpt29n8A=="
      },
      "Newtonsoft.Json": {
        "type": "Transitive",
        "resolved": "13.0.1",
        "contentHash": "ppPFpBcvxdsfUonNcvITKqLl3bqxWbDCZIzDWHzjpdAHRFfZe0Dw9HmA0+za13IdyrgJwpkDTDA9fHaxOrt20A=="
      },
      "walletsync.core": {
        "type": "Project"
      }
    }
  }
}